# Auto-generated Transfer Configuration
# Generated: 2025-12-19 18:56:21
# Seed: 42
# Count: 30
# Total data: 52992 bytes

transfers:
- src_addr: '0x0000'
  src_size: 1024
  dst_addr: '0x1000'
  target_nodes: all
  transfer_mode: scatter
  max_burst_len: 16
  max_outstanding: 4
- src_addr: '0x1400'
  src_size: 2048
  dst_addr: '0x0400'
  target_nodes: all
  transfer_mode: gather
  max_burst_len: 16
  max_outstanding: 4
  read_src_addr: '0x1400'
- src_addr: '0x0C00'
  src_size: 1024
  dst_addr: '0x1C00'
  target_nodes:
  - 0
  - 13
  transfer_mode: broadcast
  max_burst_len: 16
  max_outstanding: 4
- src_addr: '0x2000'
  src_size: 768
  dst_addr: '0x1000'
  target_nodes: all
  transfer_mode: gather
  max_burst_len: 16
  max_outstanding: 4
  read_src_addr: '0x2000'
- src_addr: '0x1300'
  src_size: 256
  dst_addr: '0x2300'
  target_nodes:
  - 0
  - 2
  - 4
  - 6
  - 7
  - 9
  - 15
  transfer_mode: scatter
  max_burst_len: 16
  max_outstanding: 4
- src_addr: '0x1400'
  src_size: 2304
  dst_addr: '0x2400'
  target_nodes: all
  transfer_mode: scatter
  max_burst_len: 16
  max_outstanding: 4
- src_addr: '0x1D00'
  src_size: 1024
  dst_addr: '0x2D00'
  target_nodes: all
  transfer_mode: broadcast
  max_burst_len: 16
  max_outstanding: 4
- src_addr: '0x2100'
  src_size: 3072
  dst_addr: '0x3100'
  target_nodes:
  - 1
  - 7
  - 8
  - 11
  - 15
  transfer_mode: scatter
  max_burst_len: 16
  max_outstanding: 6
- src_addr: '0x2D00'
  src_size: 768
  dst_addr: '0x3D00'
  target_nodes:
  - 0
  - 1
  - 3
  - 6
  - 10
  - 11
  transfer_mode: scatter
  max_burst_len: 16
  max_outstanding: 4
- src_addr: '0x3000'
  src_size: 768
  dst_addr: '0x4000'
  target_nodes:
  - 4
  - 12
  transfer_mode: scatter
  max_burst_len: 16
  max_outstanding: 4
- src_addr: '0x3300'
  src_size: 3072
  dst_addr: '0x4300'
  target_nodes: all
  transfer_mode: scatter
  max_burst_len: 16
  max_outstanding: 6
- src_addr: '0x4F00'
  src_size: 1792
  dst_addr: '0x3F00'
  target_nodes:
  - 5
  - 8
  transfer_mode: gather
  max_burst_len: 16
  max_outstanding: 4
  read_src_addr: '0x4F00'
- src_addr: '0x4600'
  src_size: 2048
  dst_addr: '0x5600'
  target_nodes: all
  transfer_mode: scatter
  max_burst_len: 16
  max_outstanding: 4
- src_addr: '0x4E00'
  src_size: 2304
  dst_addr: '0x5E00'
  target_nodes:
  - 10
  - 12
  - 13
  - 14
  transfer_mode: broadcast
  max_burst_len: 16
  max_outstanding: 4
- src_addr: '0x5700'
  src_size: 2048
  dst_addr: '0x6700'
  target_nodes:
  - 1
  - 3
  - 4
  - 5
  - 9
  - 12
  transfer_mode: broadcast
  max_burst_len: 16
  max_outstanding: 4
- src_addr: '0x6F00'
  src_size: 4096
  dst_addr: '0x5F00'
  target_nodes:
  - 2
  - 3
  - 4
  - 8
  - 10
  - 11
  - 14
  - 15
  transfer_mode: gather
  max_burst_len: 16
  max_outstanding: 8
  read_src_addr: '0x6F00'
- src_addr: '0x6F00'
  src_size: 3584
  dst_addr: '0x7F00'
  target_nodes:
  - 0
  - 1
  - 2
  - 3
  - 7
  - 8
  - 11
  transfer_mode: broadcast
  max_burst_len: 16
  max_outstanding: 7
- src_addr: '0x8D00'
  src_size: 1280
  dst_addr: '0x7D00'
  target_nodes:
  - 2
  - 4
  - 6
  - 7
  - 8
  - 9
  - 14
  transfer_mode: gather
  max_burst_len: 16
  max_outstanding: 4
  read_src_addr: '0x8D00'
- src_addr: '0x9200'
  src_size: 256
  dst_addr: '0x8200'
  target_nodes:
  - 8
  - 12
  transfer_mode: gather
  max_burst_len: 16
  max_outstanding: 4
  read_src_addr: '0x9200'
- src_addr: '0x8300'
  src_size: 2816
  dst_addr: '0x9300'
  target_nodes: all
  transfer_mode: scatter
  max_burst_len: 16
  max_outstanding: 5
- src_addr: '0x9E00'
  src_size: 1536
  dst_addr: '0x8E00'
  target_nodes:
  - 1
  - 4
  - 5
  - 8
  - 10
  transfer_mode: gather
  max_burst_len: 16
  max_outstanding: 4
  read_src_addr: '0x9E00'
- src_addr: '0x9400'
  src_size: 1792
  dst_addr: '0xA400'
  target_nodes: all
  transfer_mode: broadcast
  max_burst_len: 16
  max_outstanding: 4
- src_addr: '0xAB00'
  src_size: 256
  dst_addr: '0x9B00'
  target_nodes:
  - 0
  - 1
  - 3
  - 4
  - 5
  - 10
  - 12
  - 15
  transfer_mode: gather
  max_burst_len: 16
  max_outstanding: 4
  read_src_addr: '0xAB00'
- src_addr: '0x9C00'
  src_size: 768
  dst_addr: '0xAC00'
  target_nodes: all
  transfer_mode: scatter
  max_burst_len: 16
  max_outstanding: 4
- src_addr: '0xAF00'
  src_size: 768
  dst_addr: '0x9F00'
  target_nodes:
  - 4
  - 7
  - 10
  transfer_mode: gather
  max_burst_len: 16
  max_outstanding: 4
  read_src_addr: '0xAF00'
- src_addr: '0xB200'
  src_size: 1536
  dst_addr: '0xA200'
  target_nodes: all
  transfer_mode: gather
  max_burst_len: 16
  max_outstanding: 4
  read_src_addr: '0xB200'
- src_addr: '0xA800'
  src_size: 3584
  dst_addr: '0xB800'
  target_nodes:
  - 6
  - 9
  - 10
  - 13
  transfer_mode: scatter
  max_burst_len: 16
  max_outstanding: 7
- src_addr: '0xB600'
  src_size: 3840
  dst_addr: '0xC600'
  target_nodes:
  - 0
  - 1
  - 3
  - 5
  - 8
  - 9
  - 14
  - 15
  transfer_mode: broadcast
  max_burst_len: 16
  max_outstanding: 7
- src_addr: '0xD500'
  src_size: 2048
  dst_addr: '0xC500'
  target_nodes: all
  transfer_mode: gather
  max_burst_len: 16
  max_outstanding: 4
  read_src_addr: '0xD500'
- src_addr: '0xCD00'
  src_size: 512
  dst_addr: '0xDD00'
  target_nodes: all
  transfer_mode: broadcast
  max_burst_len: 16
  max_outstanding: 4
